{
    "_readme": [
        "This file locks the dependencies of your project to a known state",
        "Read more about it at https://getcomposer.org/doc/01-basic-usage.md#installing-dependencies",
        "This file is @generated automatically"
    ],
    "content-hash": "dcc5cd5bbe65bf536b85fc28fc95f6c7",
    "packages": [
        {
            "name": "relluem94/relludatabase",
            "version": "dev-master",
            "source": {
                "type": "git",
                "url": "https://github.com/Relluem94s/RelluDatabase.git",
                "reference": "fe62381d3df964924cbbc2fc30bba9fa5435617d"
            },
            "dist": {
                "type": "zip",
                "url": "https://api.github.com/repos/Relluem94s/RelluDatabase/zipball/fe62381d3df964924cbbc2fc30bba9fa5435617d",
                "reference": "fe62381d3df964924cbbc2fc30bba9fa5435617d",
                "shasum": ""
            },
            "default-branch": true,
            "type": "library",
            "authors": [
                {
                    "name": "Relluem94",
                    "email": "github@relluem94.de"
                }
            ],
            "support": {
                "source": "https://github.com/Relluem94s/RelluDatabase/tree/master",
                "issues": "https://github.com/Relluem94s/RelluDatabase/issues"
            },
            "time": "2021-12-15T23:39:02+00:00"
        }
    ],
    "packages-dev": [],
    "aliases": [],
    "minimum-stability": "dev",
    "stability-flags": [],
    "prefer-stable": false,
    "prefer-lowest": false,
    "platform": {
        "php": ">=7.0.0",
        "ext-mysqli": "*",
        "ext-curl": "*"
    },
    "platform-dev": [],
    "plugin-api-version": "2.1.0"
}
