{
    "_readme": [
        "This file locks the dependencies of your project to a known state",
        "Read more about it at https://getcomposer.org/doc/01-basic-usage.md#installing-dependencies",
        "This file is @generated automatically"
    ],
    "content-hash": "dcc5cd5bbe65bf536b85fc28fc95f6c7",
    "packages": [
        {
            "name": "relluem94/relludatabase",
            "version": "dev-master",
            "source": {
                "type": "git",
                "url": "https://github.com/Relluem94/RelluDatabase.git",
                "reference": "4c85dd5e39133a5f433e9442d768e955f7d962ff"
            },
            "dist": {
                "type": "zip",
                "url": "https://api.github.com/repos/Relluem94/RelluDatabase/zipball/4c85dd5e39133a5f433e9442d768e955f7d962ff",
                "reference": "4c85dd5e39133a5f433e9442d768e955f7d962ff",
                "shasum": ""
            },
            "default-branch": true,
            "type": "library",
            "authors": [
                {
                    "name": "Relluem94",
                    "email": "github@relluem94.de"
                }
            ],
            "support": {
                "source": "https://github.com/Relluem94/RelluDatabase/tree/master",
                "issues": "https://github.com/Relluem94/RelluDatabase/issues"
            },
            "time": "2021-01-20T20:27:56+00:00"
        }
    ],
    "packages-dev": [],
    "aliases": [],
    "minimum-stability": "dev",
    "stability-flags": [],
    "prefer-stable": false,
    "prefer-lowest": false,
    "platform": {
        "php": ">=7.0.0",
        "ext-mysqli": "*",
        "ext-curl": "*"
    },
    "platform-dev": [],
    "plugin-api-version": "2.0.0"
}
